
Microsoft Visual Studio Solution File, Format Version 12.00
# Visual Studio 2013
VisualStudioVersion = 12.0.21005.1
MinimumVisualStudioVersion = 10.0.40219.1
Project("{8BC9CEB8-8B4A-11D0-8D11-00A0C91BC942}") = "Z90CPUtest", "Z90CPUtest\Z90CPUtest.vcxproj", "{DF4A70A4-CAE5-4951-9742-337BA00D9DF6}"
EndProject
Global
	GlobalSection(SolutionConfigurationPlatforms) = preSolution
		Debug|Win32 = Debug|Win32
		Release|Win32 = Release|Win32
	EndGlobalSection
	GlobalSection(ProjectConfigurationPlatforms) = postSolution
		{DF4A70A4-CAE5-4951-9742-337BA00D9DF6}.Debug|Win32.ActiveCfg = Debug|Win32
		{DF4A70A4-CAE5-4951-9742-337BA00D9DF6}.Debug|Win32.Build.0 = Debug|Win32
		{DF4A70A4-CAE5-4951-9742-337BA00D9DF6}.Release|Win32.ActiveCfg = Release|Win32
		{DF4A70A4-CAE5-4951-9742-337BA00D9DF6}.Release|Win32.Build.0 = Release|Win32
	EndGlobalSection
	GlobalSection(SolutionProperties) = preSolution
		HideSolutionNode = FALSE
	EndGlobalSection
EndGlobal
